
Microsoft Visual Studio Solution File, Format Version 12.00
# Visual Studio 15
VisualStudioVersion = 15.0.27703.2042
MinimumVisualStudioVersion = 10.0.40219.1
Project("{FAE04EC0-301F-11D3-BF4B-00C04F79EFBC}") = "OctoGame", "OctoGame\OctoGame.csproj", "{24E20E4B-E35D-4824-8BD7-0B83253153ED}"
EndProject
Global
	GlobalSection(SolutionConfigurationPlatforms) = preSolution
		Debug|Any CPU = Debug|Any CPU
		Release|Any CPU = Release|Any CPU
	EndGlobalSection
	GlobalSection(ProjectConfigurationPlatforms) = postSolution
		{24E20E4B-E35D-4824-8BD7-0B83253153ED}.Debug|Any CPU.ActiveCfg = Debug|Any CPU
		{24E20E4B-E35D-4824-8BD7-0B83253153ED}.Debug|Any CPU.Build.0 = Debug|Any CPU
		{24E20E4B-E35D-4824-8BD7-0B83253153ED}.Release|Any CPU.ActiveCfg = Release|Any CPU
		{24E20E4B-E35D-4824-8BD7-0B83253153ED}.Release|Any CPU.Build.0 = Release|Any CPU
	EndGlobalSection
	GlobalSection(SolutionProperties) = preSolution
		HideSolutionNode = FALSE
	EndGlobalSection
	GlobalSection(ExtensibilityGlobals) = postSolution
		SolutionGuid = {CD5B6F82-EFA9-4239-A0AB-F7179E396A4E}
	EndGlobalSection
EndGlobal
